
Microsoft Visual Studio Solution File, Format Version 12.00
# Visual Studio Version 16
VisualStudioVersion = 16.0.30907.101
MinimumVisualStudioVersion = 10.0.40219.1
Project("{8BC9CEB8-8B4A-11D0-8D11-00A0C91BC942}") = "lzmauncompress", "lzmauncompress\lzmauncompress.vcxproj", "{1AA02F0B-E17E-43A1-9D39-CD46989A2E8D}"
EndProject
Project("{8BC9CEB8-8B4A-11D0-8D11-00A0C91BC942}") = "SimpleDpack", "simpledpack\SimpleDpack.vcxproj", "{9A1927AC-D004-4280-99F5-2ADF20DC76BB}"
	ProjectSection(ProjectDependencies) = postProject
		{39701398-56CD-4EA4-8213-ABEE378572D9} = {39701398-56CD-4EA4-8213-ABEE378572D9}
	EndProjectSection
EndProject
Project("{8BC9CEB8-8B4A-11D0-8D11-00A0C91BC942}") = "simpledpackshell", "simpledpackshell\simpledpackshell.vcxproj", "{10F30780-563C-40EF-AC6C-CC366C7FADEA}"
	ProjectSection(ProjectDependencies) = postProject
		{1AA02F0B-E17E-43A1-9D39-CD46989A2E8D} = {1AA02F0B-E17E-43A1-9D39-CD46989A2E8D}
	EndProjectSection
EndProject
Project("{8BC9CEB8-8B4A-11D0-8D11-00A0C91BC942}") = "lzma", "lzmalib\lzmalib.vcxproj", "{39701398-56CD-4EA4-8213-ABEE378572D9}"
EndProject
Global
	GlobalSection(SolutionConfigurationPlatforms) = preSolution
		Debug|Win32 = Debug|Win32
		Debug|x64 = Debug|x64
		Release|Win32 = Release|Win32
		Release|x64 = Release|x64
	EndGlobalSection
	GlobalSection(ProjectConfigurationPlatforms) = postSolution
		{1AA02F0B-E17E-43A1-9D39-CD46989A2E8D}.Debug|Win32.ActiveCfg = Debug|Win32
		{1AA02F0B-E17E-43A1-9D39-CD46989A2E8D}.Debug|Win32.Build.0 = Debug|Win32
		{1AA02F0B-E17E-43A1-9D39-CD46989A2E8D}.Debug|x64.ActiveCfg = Release|x64
		{1AA02F0B-E17E-43A1-9D39-CD46989A2E8D}.Debug|x64.Build.0 = Release|x64
		{1AA02F0B-E17E-43A1-9D39-CD46989A2E8D}.Release|Win32.ActiveCfg = Release|Win32
		{1AA02F0B-E17E-43A1-9D39-CD46989A2E8D}.Release|Win32.Build.0 = Release|Win32
		{1AA02F0B-E17E-43A1-9D39-CD46989A2E8D}.Release|x64.ActiveCfg = Release|x64
		{1AA02F0B-E17E-43A1-9D39-CD46989A2E8D}.Release|x64.Build.0 = Release|x64
		{9A1927AC-D004-4280-99F5-2ADF20DC76BB}.Debug|Win32.ActiveCfg = Debug|Win32
		{9A1927AC-D004-4280-99F5-2ADF20DC76BB}.Debug|Win32.Build.0 = Debug|Win32
		{9A1927AC-D004-4280-99F5-2ADF20DC76BB}.Debug|x64.ActiveCfg = Debug|x64
		{9A1927AC-D004-4280-99F5-2ADF20DC76BB}.Debug|x64.Build.0 = Debug|x64
		{9A1927AC-D004-4280-99F5-2ADF20DC76BB}.Release|Win32.ActiveCfg = Release|Win32
		{9A1927AC-D004-4280-99F5-2ADF20DC76BB}.Release|Win32.Build.0 = Release|Win32
		{9A1927AC-D004-4280-99F5-2ADF20DC76BB}.Release|x64.ActiveCfg = Release|x64
		{9A1927AC-D004-4280-99F5-2ADF20DC76BB}.Release|x64.Build.0 = Release|x64
		{10F30780-563C-40EF-AC6C-CC366C7FADEA}.Debug|Win32.ActiveCfg = Debug|Win32
		{10F30780-563C-40EF-AC6C-CC366C7FADEA}.Debug|Win32.Build.0 = Debug|Win32
		{10F30780-563C-40EF-AC6C-CC366C7FADEA}.Debug|x64.ActiveCfg = Release|x64
		{10F30780-563C-40EF-AC6C-CC366C7FADEA}.Debug|x64.Build.0 = Release|x64
		{10F30780-563C-40EF-AC6C-CC366C7FADEA}.Release|Win32.ActiveCfg = Release|Win32
		{10F30780-563C-40EF-AC6C-CC366C7FADEA}.Release|Win32.Build.0 = Release|Win32
		{10F30780-563C-40EF-AC6C-CC366C7FADEA}.Release|x64.ActiveCfg = Release|x64
		{10F30780-563C-40EF-AC6C-CC366C7FADEA}.Release|x64.Build.0 = Release|x64
		{39701398-56CD-4EA4-8213-ABEE378572D9}.Debug|Win32.ActiveCfg = Debug|Win32
		{39701398-56CD-4EA4-8213-ABEE378572D9}.Debug|Win32.Build.0 = Debug|Win32
		{39701398-56CD-4EA4-8213-ABEE378572D9}.Debug|x64.ActiveCfg = Release|x64
		{39701398-56CD-4EA4-8213-ABEE378572D9}.Debug|x64.Build.0 = Release|x64
		{39701398-56CD-4EA4-8213-ABEE378572D9}.Release|Win32.ActiveCfg = Release|Win32
		{39701398-56CD-4EA4-8213-ABEE378572D9}.Release|Win32.Build.0 = Release|Win32
		{39701398-56CD-4EA4-8213-ABEE378572D9}.Release|x64.ActiveCfg = Release|x64
		{39701398-56CD-4EA4-8213-ABEE378572D9}.Release|x64.Build.0 = Release|x64
	EndGlobalSection
	GlobalSection(SolutionProperties) = preSolution
		HideSolutionNode = FALSE
	EndGlobalSection
	GlobalSection(ExtensibilityGlobals) = postSolution
		SolutionGuid = {2560E681-330B-452F-AD31-1104EB34F8ED}
	EndGlobalSection
EndGlobal
